
Microsoft Visual Studio Solution File, Format Version 12.00
# Visual Studio 14
VisualStudioVersion = 14.0.22310.1
MinimumVisualStudioVersion = 10.0.40219.1
Project("{FAE04EC0-301F-11D3-BF4B-00C04F79EFBC}") = "SOVND.Server", "SOVND.Server\SOVND.Server.csproj", "{D0946921-7212-4890-90E6-24F6C9BD8EDA}"
EndProject
Project("{FAE04EC0-301F-11D3-BF4B-00C04F79EFBC}") = "SOVND.Client", "SOVND.Client\SOVND.Client.csproj", "{E75E0A60-FC4D-4C06-8B47-83F3C9154344}"
EndProject
Project("{FAE04EC0-301F-11D3-BF4B-00C04F79EFBC}") = "SpotifyClient", "SpotifyClient\SpotifyClient.csproj", "{0C4C71AB-4181-40C2-BA24-807F34EC1545}"
EndProject
Project("{FAE04EC0-301F-11D3-BF4B-00C04F79EFBC}") = "SOVND.Lib", "SOVND.Lib\SOVND.Lib.csproj", "{B3E18678-D240-4673-ADC5-59FAA2ABE4E1}"
EndProject
Project("{FAE04EC0-301F-11D3-BF4B-00C04F79EFBC}") = "libspotifydotnet", "libspotifydotnet\libspotifydotnet.csproj", "{1DE51E4D-4E01-4662-8C22-026974FADED9}"
EndProject
Project("{FAE04EC0-301F-11D3-BF4B-00C04F79EFBC}") = "SOVND.Lib.Tests", "SOVND.Lib.Tests\SOVND.Lib.Tests.csproj", "{9101AAAC-B7FB-428C-9E44-34CF04C90D27}"
EndProject
Project("{FAE04EC0-301F-11D3-BF4B-00C04F79EFBC}") = "SOVND.Loader", "SOVND.Loader\SOVND.Loader.csproj", "{034AF918-D5AF-40E3-AC9D-5677237C05B8}"
EndProject
Project("{2150E333-8FDC-42A3-9474-1A3956D46DE8}") = "nuget", "nuget", "{9B917CBF-A59E-4923-88CD-90FF54872791}"
	ProjectSection(SolutionItems) = preProject
		nuget\NugetPack.ps1 = nuget\NugetPack.ps1
		nuget\SOVND.Client.nuspec = nuget\SOVND.Client.nuspec
	EndProjectSection
EndProject
Project("{930C7802-8A8C-48F9-8165-68863BCCD9DD}") = "SOVND.Loader.Setup", "SOVND.Loader.Setup\SOVND.Loader.Setup.wixproj", "{CB7046A3-02C2-4B5A-8A93-F047CBC3F97B}"
EndProject
Project("{930C7802-8A8C-48F9-8165-68863BCCD9DD}") = "SOVND.Loader.Bootstrap", "SOVND.Loader.Bootstrap\SOVND.Loader.Bootstrap.wixproj", "{AB584913-3617-46FC-AE99-313E69703BF9}"
EndProject
Project("{2150E333-8FDC-42A3-9474-1A3956D46DE8}") = ".nuget", ".nuget", "{62C292B5-3E33-4E46-BCD9-10403A8DD540}"
	ProjectSection(SolutionItems) = preProject
		.nuget\packages.config = .nuget\packages.config
	EndProjectSection
EndProject
Global
	GlobalSection(SolutionConfigurationPlatforms) = preSolution
		Debug|x86 = Debug|x86
		Installer|x86 = Installer|x86
		Release|x86 = Release|x86
	EndGlobalSection
	GlobalSection(ProjectConfigurationPlatforms) = postSolution
		{D0946921-7212-4890-90E6-24F6C9BD8EDA}.Debug|x86.ActiveCfg = Debug|Any CPU
		{D0946921-7212-4890-90E6-24F6C9BD8EDA}.Debug|x86.Build.0 = Debug|Any CPU
		{D0946921-7212-4890-90E6-24F6C9BD8EDA}.Installer|x86.ActiveCfg = Release|Any CPU
		{D0946921-7212-4890-90E6-24F6C9BD8EDA}.Installer|x86.Build.0 = Release|Any CPU
		{D0946921-7212-4890-90E6-24F6C9BD8EDA}.Release|x86.ActiveCfg = Release|Any CPU
		{D0946921-7212-4890-90E6-24F6C9BD8EDA}.Release|x86.Build.0 = Release|Any CPU
		{E75E0A60-FC4D-4C06-8B47-83F3C9154344}.Debug|x86.ActiveCfg = Debug|Any CPU
		{E75E0A60-FC4D-4C06-8B47-83F3C9154344}.Debug|x86.Build.0 = Debug|Any CPU
		{E75E0A60-FC4D-4C06-8B47-83F3C9154344}.Installer|x86.ActiveCfg = Release|Any CPU
		{E75E0A60-FC4D-4C06-8B47-83F3C9154344}.Installer|x86.Build.0 = Release|Any CPU
		{E75E0A60-FC4D-4C06-8B47-83F3C9154344}.Release|x86.ActiveCfg = Release|Any CPU
		{E75E0A60-FC4D-4C06-8B47-83F3C9154344}.Release|x86.Build.0 = Release|Any CPU
		{0C4C71AB-4181-40C2-BA24-807F34EC1545}.Debug|x86.ActiveCfg = Debug|Any CPU
		{0C4C71AB-4181-40C2-BA24-807F34EC1545}.Debug|x86.Build.0 = Debug|Any CPU
		{0C4C71AB-4181-40C2-BA24-807F34EC1545}.Installer|x86.ActiveCfg = Release|Any CPU
		{0C4C71AB-4181-40C2-BA24-807F34EC1545}.Installer|x86.Build.0 = Release|Any CPU
		{0C4C71AB-4181-40C2-BA24-807F34EC1545}.Release|x86.ActiveCfg = Release|Any CPU
		{0C4C71AB-4181-40C2-BA24-807F34EC1545}.Release|x86.Build.0 = Release|Any CPU
		{B3E18678-D240-4673-ADC5-59FAA2ABE4E1}.Debug|x86.ActiveCfg = Debug|Any CPU
		{B3E18678-D240-4673-ADC5-59FAA2ABE4E1}.Debug|x86.Build.0 = Debug|Any CPU
		{B3E18678-D240-4673-ADC5-59FAA2ABE4E1}.Installer|x86.ActiveCfg = Release|Any CPU
		{B3E18678-D240-4673-ADC5-59FAA2ABE4E1}.Installer|x86.Build.0 = Release|Any CPU
		{B3E18678-D240-4673-ADC5-59FAA2ABE4E1}.Release|x86.ActiveCfg = Release|Any CPU
		{B3E18678-D240-4673-ADC5-59FAA2ABE4E1}.Release|x86.Build.0 = Release|Any CPU
		{1DE51E4D-4E01-4662-8C22-026974FADED9}.Debug|x86.ActiveCfg = Debug|x86
		{1DE51E4D-4E01-4662-8C22-026974FADED9}.Debug|x86.Build.0 = Debug|x86
		{1DE51E4D-4E01-4662-8C22-026974FADED9}.Installer|x86.ActiveCfg = Release|x86
		{1DE51E4D-4E01-4662-8C22-026974FADED9}.Installer|x86.Build.0 = Release|x86
		{1DE51E4D-4E01-4662-8C22-026974FADED9}.Release|x86.ActiveCfg = Release|x86
		{1DE51E4D-4E01-4662-8C22-026974FADED9}.Release|x86.Build.0 = Release|x86
		{9101AAAC-B7FB-428C-9E44-34CF04C90D27}.Debug|x86.ActiveCfg = Debug|Any CPU
		{9101AAAC-B7FB-428C-9E44-34CF04C90D27}.Debug|x86.Build.0 = Debug|Any CPU
		{9101AAAC-B7FB-428C-9E44-34CF04C90D27}.Installer|x86.ActiveCfg = Release|Any CPU
		{9101AAAC-B7FB-428C-9E44-34CF04C90D27}.Installer|x86.Build.0 = Release|Any CPU
		{9101AAAC-B7FB-428C-9E44-34CF04C90D27}.Release|x86.ActiveCfg = Release|Any CPU
		{9101AAAC-B7FB-428C-9E44-34CF04C90D27}.Release|x86.Build.0 = Release|Any CPU
		{034AF918-D5AF-40E3-AC9D-5677237C05B8}.Debug|x86.ActiveCfg = Debug|Any CPU
		{034AF918-D5AF-40E3-AC9D-5677237C05B8}.Debug|x86.Build.0 = Debug|Any CPU
		{034AF918-D5AF-40E3-AC9D-5677237C05B8}.Installer|x86.ActiveCfg = Release|Any CPU
		{034AF918-D5AF-40E3-AC9D-5677237C05B8}.Installer|x86.Build.0 = Release|Any CPU
		{034AF918-D5AF-40E3-AC9D-5677237C05B8}.Release|x86.ActiveCfg = Release|Any CPU
		{034AF918-D5AF-40E3-AC9D-5677237C05B8}.Release|x86.Build.0 = Release|Any CPU
		{CB7046A3-02C2-4B5A-8A93-F047CBC3F97B}.Debug|x86.ActiveCfg = Debug|x86
		{CB7046A3-02C2-4B5A-8A93-F047CBC3F97B}.Installer|x86.ActiveCfg = Release|x86
		{CB7046A3-02C2-4B5A-8A93-F047CBC3F97B}.Installer|x86.Build.0 = Release|x86
		{CB7046A3-02C2-4B5A-8A93-F047CBC3F97B}.Release|x86.ActiveCfg = Release|x86
		{AB584913-3617-46FC-AE99-313E69703BF9}.Debug|x86.ActiveCfg = Debug|x86
		{AB584913-3617-46FC-AE99-313E69703BF9}.Installer|x86.ActiveCfg = Release|x86
		{AB584913-3617-46FC-AE99-313E69703BF9}.Installer|x86.Build.0 = Release|x86
		{AB584913-3617-46FC-AE99-313E69703BF9}.Release|x86.ActiveCfg = Release|x86
	EndGlobalSection
	GlobalSection(SolutionProperties) = preSolution
		HideSolutionNode = FALSE
	EndGlobalSection
EndGlobal
